
Microsoft Visual Studio Solution File, Format Version 12.00
# Visual Studio Version 16
VisualStudioVersion = 16.0.35229.62
MinimumVisualStudioVersion = 10.0.40219.1
Project("{F184B08F-C81C-45F6-A57F-5ABD9991F28F}") = "BuscarPalabrasCoincidencias ControlDialog", "BuscarPalabrasCoincidencias ControlDialog\BuscarPalabrasCoincidencias ControlDialog.vbproj", "{DFFE4616-117D-4409-A7B4-DC7717E92B95}"
EndProject
Global
	GlobalSection(SolutionConfigurationPlatforms) = preSolution
		Debug|Any CPU = Debug|Any CPU
		Release|Any CPU = Release|Any CPU
	EndGlobalSection
	GlobalSection(ProjectConfigurationPlatforms) = postSolution
		{DFFE4616-117D-4409-A7B4-DC7717E92B95}.Debug|Any CPU.ActiveCfg = Debug|Any CPU
		{DFFE4616-117D-4409-A7B4-DC7717E92B95}.Debug|Any CPU.Build.0 = Debug|Any CPU
		{DFFE4616-117D-4409-A7B4-DC7717E92B95}.Release|Any CPU.ActiveCfg = Release|Any CPU
		{DFFE4616-117D-4409-A7B4-DC7717E92B95}.Release|Any CPU.Build.0 = Release|Any CPU
	EndGlobalSection
	GlobalSection(SolutionProperties) = preSolution
		HideSolutionNode = FALSE
	EndGlobalSection
	GlobalSection(ExtensibilityGlobals) = postSolution
		SolutionGuid = {BFDD3F4D-EE7A-4385-A173-C99CD2DB25A7}
	EndGlobalSection
EndGlobal
