
Microsoft Visual Studio Solution File, Format Version 12.00
# Visual Studio Version 16
VisualStudioVersion = 16.0.35229.62
MinimumVisualStudioVersion = 10.0.40219.1
Project("{F184B08F-C81C-45F6-A57F-5ABD9991F28F}") = "GestionArticulos", "GestionArticulos\GestionArticulos.vbproj", "{C03D304B-5C7B-4520-A41A-688EBFAC2356}"
EndProject
Global
	GlobalSection(SolutionConfigurationPlatforms) = preSolution
		Debug|Any CPU = Debug|Any CPU
		Release|Any CPU = Release|Any CPU
	EndGlobalSection
	GlobalSection(ProjectConfigurationPlatforms) = postSolution
		{C03D304B-5C7B-4520-A41A-688EBFAC2356}.Debug|Any CPU.ActiveCfg = Debug|Any CPU
		{C03D304B-5C7B-4520-A41A-688EBFAC2356}.Debug|Any CPU.Build.0 = Debug|Any CPU
		{C03D304B-5C7B-4520-A41A-688EBFAC2356}.Release|Any CPU.ActiveCfg = Release|Any CPU
		{C03D304B-5C7B-4520-A41A-688EBFAC2356}.Release|Any CPU.Build.0 = Release|Any CPU
	EndGlobalSection
	GlobalSection(SolutionProperties) = preSolution
		HideSolutionNode = FALSE
	EndGlobalSection
	GlobalSection(ExtensibilityGlobals) = postSolution
		SolutionGuid = {E20DF4E3-B04A-432C-BE73-0BD53C5BB1D9}
	EndGlobalSection
EndGlobal
