
Microsoft Visual Studio Solution File, Format Version 12.00
# Visual Studio Version 16
VisualStudioVersion = 16.0.35229.62
MinimumVisualStudioVersion = 10.0.40219.1
Project("{F184B08F-C81C-45F6-A57F-5ABD9991F28F}") = "Capital e Intereses", "Capital e Intereses\Capital e Intereses.vbproj", "{CB986F04-A0B5-41FC-B2E8-F9C38103B926}"
EndProject
Global
	GlobalSection(SolutionConfigurationPlatforms) = preSolution
		Debug|Any CPU = Debug|Any CPU
		Release|Any CPU = Release|Any CPU
	EndGlobalSection
	GlobalSection(ProjectConfigurationPlatforms) = postSolution
		{CB986F04-A0B5-41FC-B2E8-F9C38103B926}.Debug|Any CPU.ActiveCfg = Debug|Any CPU
		{CB986F04-A0B5-41FC-B2E8-F9C38103B926}.Debug|Any CPU.Build.0 = Debug|Any CPU
		{CB986F04-A0B5-41FC-B2E8-F9C38103B926}.Release|Any CPU.ActiveCfg = Release|Any CPU
		{CB986F04-A0B5-41FC-B2E8-F9C38103B926}.Release|Any CPU.Build.0 = Release|Any CPU
	EndGlobalSection
	GlobalSection(SolutionProperties) = preSolution
		HideSolutionNode = FALSE
	EndGlobalSection
	GlobalSection(ExtensibilityGlobals) = postSolution
		SolutionGuid = {33E2986E-8BFB-41EE-9CCE-F143F9753448}
	EndGlobalSection
EndGlobal
