
Microsoft Visual Studio Solution File, Format Version 12.00
# Visual Studio Version 16
VisualStudioVersion = 16.0.35229.62
MinimumVisualStudioVersion = 10.0.40219.1
Project("{F184B08F-C81C-45F6-A57F-5ABD9991F28F}") = "HsScrollBar_VsScrollBar", "HsScrollBar_VsScrollBar\HsScrollBar_VsScrollBar.vbproj", "{3C448F6A-71B5-4C32-B4F7-B2832B0E1E89}"
EndProject
Global
	GlobalSection(SolutionConfigurationPlatforms) = preSolution
		Debug|Any CPU = Debug|Any CPU
		Release|Any CPU = Release|Any CPU
	EndGlobalSection
	GlobalSection(ProjectConfigurationPlatforms) = postSolution
		{3C448F6A-71B5-4C32-B4F7-B2832B0E1E89}.Debug|Any CPU.ActiveCfg = Debug|Any CPU
		{3C448F6A-71B5-4C32-B4F7-B2832B0E1E89}.Debug|Any CPU.Build.0 = Debug|Any CPU
		{3C448F6A-71B5-4C32-B4F7-B2832B0E1E89}.Release|Any CPU.ActiveCfg = Release|Any CPU
		{3C448F6A-71B5-4C32-B4F7-B2832B0E1E89}.Release|Any CPU.Build.0 = Release|Any CPU
	EndGlobalSection
	GlobalSection(SolutionProperties) = preSolution
		HideSolutionNode = FALSE
	EndGlobalSection
	GlobalSection(ExtensibilityGlobals) = postSolution
		SolutionGuid = {F24B36A0-372F-4F1D-89EB-EEEC30572CEC}
	EndGlobalSection
EndGlobal
